
Microsoft Visual Studio Solution File, Format Version 12.00
# Visual Studio Version 17
VisualStudioVersion = 17.0.31903.59
MinimumVisualStudioVersion = 10.0.40219.1
Project("{2150E333-8FDC-42A3-9474-1A3956D46DE8}") = "Raw", "Raw", "{74AADB54-7E47-E42A-8789-A511ACF6A54A}"
EndProject
Project("{FAE04EC0-301F-11D3-BF4B-00C04F79EFBC}") = "Performance.MonoGame.DesktopGL.Raw", "Raw\Performance.MonoGame.DesktopGL.Raw.csproj", "{4DF8FF8E-D649-4D90-A511-66ED548D6248}"
EndProject
Project("{2150E333-8FDC-42A3-9474-1A3956D46DE8}") = "Skia", "Skia", "{A407EA22-B65F-2252-B101-CE515EB8791C}"
EndProject
Project("{FAE04EC0-301F-11D3-BF4B-00C04F79EFBC}") = "Performance.MonoGame.DesktopGL.Skia", "Skia\Performance.MonoGame.DesktopGL.Skia.csproj", "{6ACFBB5B-2B88-43BF-A826-FE3673835973}"
EndProject
Global
	GlobalSection(SolutionConfigurationPlatforms) = preSolution
		Debug|Any CPU = Debug|Any CPU
		Debug|x64 = Debug|x64
		Debug|x86 = Debug|x86
		Release|Any CPU = Release|Any CPU
		Release|x64 = Release|x64
		Release|x86 = Release|x86
	EndGlobalSection
	GlobalSection(ProjectConfigurationPlatforms) = postSolution
		{4DF8FF8E-D649-4D90-A511-66ED548D6248}.Debug|Any CPU.ActiveCfg = Debug|Any CPU
		{4DF8FF8E-D649-4D90-A511-66ED548D6248}.Debug|Any CPU.Build.0 = Debug|Any CPU
		{4DF8FF8E-D649-4D90-A511-66ED548D6248}.Debug|x64.ActiveCfg = Debug|Any CPU
		{4DF8FF8E-D649-4D90-A511-66ED548D6248}.Debug|x64.Build.0 = Debug|Any CPU
		{4DF8FF8E-D649-4D90-A511-66ED548D6248}.Debug|x86.ActiveCfg = Debug|Any CPU
		{4DF8FF8E-D649-4D90-A511-66ED548D6248}.Debug|x86.Build.0 = Debug|Any CPU
		{4DF8FF8E-D649-4D90-A511-66ED548D6248}.Release|Any CPU.ActiveCfg = Release|Any CPU
		{4DF8FF8E-D649-4D90-A511-66ED548D6248}.Release|Any CPU.Build.0 = Release|Any CPU
		{4DF8FF8E-D649-4D90-A511-66ED548D6248}.Release|x64.ActiveCfg = Release|Any CPU
		{4DF8FF8E-D649-4D90-A511-66ED548D6248}.Release|x64.Build.0 = Release|Any CPU
		{4DF8FF8E-D649-4D90-A511-66ED548D6248}.Release|x86.ActiveCfg = Release|Any CPU
		{4DF8FF8E-D649-4D90-A511-66ED548D6248}.Release|x86.Build.0 = Release|Any CPU
		{6ACFBB5B-2B88-43BF-A826-FE3673835973}.Debug|Any CPU.ActiveCfg = Debug|Any CPU
		{6ACFBB5B-2B88-43BF-A826-FE3673835973}.Debug|Any CPU.Build.0 = Debug|Any CPU
		{6ACFBB5B-2B88-43BF-A826-FE3673835973}.Debug|x64.ActiveCfg = Debug|Any CPU
		{6ACFBB5B-2B88-43BF-A826-FE3673835973}.Debug|x64.Build.0 = Debug|Any CPU
		{6ACFBB5B-2B88-43BF-A826-FE3673835973}.Debug|x86.ActiveCfg = Debug|Any CPU
		{6ACFBB5B-2B88-43BF-A826-FE3673835973}.Debug|x86.Build.0 = Debug|Any CPU
		{6ACFBB5B-2B88-43BF-A826-FE3673835973}.Release|Any CPU.ActiveCfg = Release|Any CPU
		{6ACFBB5B-2B88-43BF-A826-FE3673835973}.Release|Any CPU.Build.0 = Release|Any CPU
		{6ACFBB5B-2B88-43BF-A826-FE3673835973}.Release|x64.ActiveCfg = Release|Any CPU
		{6ACFBB5B-2B88-43BF-A826-FE3673835973}.Release|x64.Build.0 = Release|Any CPU
		{6ACFBB5B-2B88-43BF-A826-FE3673835973}.Release|x86.ActiveCfg = Release|Any CPU
		{6ACFBB5B-2B88-43BF-A826-FE3673835973}.Release|x86.Build.0 = Release|Any CPU
	EndGlobalSection
	GlobalSection(SolutionProperties) = preSolution
		HideSolutionNode = FALSE
	EndGlobalSection
	GlobalSection(NestedProjects) = preSolution
		{4DF8FF8E-D649-4D90-A511-66ED548D6248} = {74AADB54-7E47-E42A-8789-A511ACF6A54A}
		{6ACFBB5B-2B88-43BF-A826-FE3673835973} = {A407EA22-B65F-2252-B101-CE515EB8791C}
	EndGlobalSection
EndGlobal
